
Microsoft Visual Studio Solution File, Format Version 12.00
# Visual Studio Version 16
VisualStudioVersion = 16.0.29920.165
MinimumVisualStudioVersion = 10.0.40219.1
Project("{FAE04EC0-301F-11D3-BF4B-00C04F79EFBC}") = "Medib", "Medib\Medib.csproj", "{E3565A0E-F440-4516-877F-41CF85DFEB97}"
EndProject
Global
	GlobalSection(SolutionConfigurationPlatforms) = preSolution
		Debug|Any CPU = Debug|Any CPU
		Release|Any CPU = Release|Any CPU
	EndGlobalSection
	GlobalSection(ProjectConfigurationPlatforms) = postSolution
		{E3565A0E-F440-4516-877F-41CF85DFEB97}.Debug|Any CPU.ActiveCfg = Debug|Any CPU
		{E3565A0E-F440-4516-877F-41CF85DFEB97}.Debug|Any CPU.Build.0 = Debug|Any CPU
		{E3565A0E-F440-4516-877F-41CF85DFEB97}.Release|Any CPU.ActiveCfg = Release|Any CPU
		{E3565A0E-F440-4516-877F-41CF85DFEB97}.Release|Any CPU.Build.0 = Release|Any CPU
	EndGlobalSection
	GlobalSection(SolutionProperties) = preSolution
		HideSolutionNode = FALSE
	EndGlobalSection
	GlobalSection(ExtensibilityGlobals) = postSolution
		SolutionGuid = {C7A83027-A547-406D-8AD5-097A1074F31E}
	EndGlobalSection
EndGlobal
